
Microsoft Visual Studio Solution File, Format Version 12.00
# Visual Studio 15
VisualStudioVersion = 15.0.27004.2005
MinimumVisualStudioVersion = 10.0.40219.1
Project("{FAE04EC0-301F-11D3-BF4B-00C04F79EFBC}") = "PrimeWeb.Core", "PrimeWeb.Core\PrimeWeb.Core.csproj", "{B66A8777-734A-44B7-BCDC-66C35DB13553}"
EndProject
Project("{FAE04EC0-301F-11D3-BF4B-00C04F79EFBC}") = "PrimeWeb.Data", "PrimeWeb.Data\PrimeWeb.Data.csproj", "{B0CE4071-8329-408F-839B-C89977CB1A9F}"
EndProject
Project("{FAE04EC0-301F-11D3-BF4B-00C04F79EFBC}") = "PrimeWeb.Repo", "PrimeWeb.Repo\PrimeWeb.Repo.csproj", "{95777B08-6DBB-41F8-974E-D16B4ACDD26C}"
EndProject
Project("{FAE04EC0-301F-11D3-BF4B-00C04F79EFBC}") = "PrimeWeb.Util", "PrimeWeb.Util\PrimeWeb.Util.csproj", "{4EF244F9-885C-4C6E-8AFF-89ABE54E6A1D}"
EndProject
Project("{FAE04EC0-301F-11D3-BF4B-00C04F79EFBC}") = "PrimeWeb.Service", "PrimeWeb.Service\PrimeWeb.Service.csproj", "{DF46245F-71E8-41EC-837E-C38F34F095B0}"
EndProject
Project("{FAE04EC0-301F-11D3-BF4B-00C04F79EFBC}") = "PrimeWeb.App.WebForm", "PrimeWeb.App.WebForm\PrimeWeb.App.WebForm.csproj", "{0A7A7145-EF7E-4FC6-934E-0D9CF6751859}"
EndProject
Project("{FAE04EC0-301F-11D3-BF4B-00C04F79EFBC}") = "PrimeWeb.Framework", "PrimeWeb.Framework\PrimeWeb.Framework.csproj", "{147AA09A-FD82-499F-8716-FBEBBB80EA6A}"
EndProject
Global
	GlobalSection(SolutionConfigurationPlatforms) = preSolution
		Debug|Any CPU = Debug|Any CPU
		Release|Any CPU = Release|Any CPU
	EndGlobalSection
	GlobalSection(ProjectConfigurationPlatforms) = postSolution
		{B66A8777-734A-44B7-BCDC-66C35DB13553}.Debug|Any CPU.ActiveCfg = Debug|Any CPU
		{B66A8777-734A-44B7-BCDC-66C35DB13553}.Debug|Any CPU.Build.0 = Debug|Any CPU
		{B66A8777-734A-44B7-BCDC-66C35DB13553}.Release|Any CPU.ActiveCfg = Release|Any CPU
		{B66A8777-734A-44B7-BCDC-66C35DB13553}.Release|Any CPU.Build.0 = Release|Any CPU
		{B0CE4071-8329-408F-839B-C89977CB1A9F}.Debug|Any CPU.ActiveCfg = Debug|Any CPU
		{B0CE4071-8329-408F-839B-C89977CB1A9F}.Debug|Any CPU.Build.0 = Debug|Any CPU
		{B0CE4071-8329-408F-839B-C89977CB1A9F}.Release|Any CPU.ActiveCfg = Release|Any CPU
		{B0CE4071-8329-408F-839B-C89977CB1A9F}.Release|Any CPU.Build.0 = Release|Any CPU
		{95777B08-6DBB-41F8-974E-D16B4ACDD26C}.Debug|Any CPU.ActiveCfg = Debug|Any CPU
		{95777B08-6DBB-41F8-974E-D16B4ACDD26C}.Debug|Any CPU.Build.0 = Debug|Any CPU
		{95777B08-6DBB-41F8-974E-D16B4ACDD26C}.Release|Any CPU.ActiveCfg = Release|Any CPU
		{95777B08-6DBB-41F8-974E-D16B4ACDD26C}.Release|Any CPU.Build.0 = Release|Any CPU
		{4EF244F9-885C-4C6E-8AFF-89ABE54E6A1D}.Debug|Any CPU.ActiveCfg = Debug|Any CPU
		{4EF244F9-885C-4C6E-8AFF-89ABE54E6A1D}.Debug|Any CPU.Build.0 = Debug|Any CPU
		{4EF244F9-885C-4C6E-8AFF-89ABE54E6A1D}.Release|Any CPU.ActiveCfg = Release|Any CPU
		{4EF244F9-885C-4C6E-8AFF-89ABE54E6A1D}.Release|Any CPU.Build.0 = Release|Any CPU
		{DF46245F-71E8-41EC-837E-C38F34F095B0}.Debug|Any CPU.ActiveCfg = Debug|Any CPU
		{DF46245F-71E8-41EC-837E-C38F34F095B0}.Debug|Any CPU.Build.0 = Debug|Any CPU
		{DF46245F-71E8-41EC-837E-C38F34F095B0}.Release|Any CPU.ActiveCfg = Release|Any CPU
		{DF46245F-71E8-41EC-837E-C38F34F095B0}.Release|Any CPU.Build.0 = Release|Any CPU
		{0A7A7145-EF7E-4FC6-934E-0D9CF6751859}.Debug|Any CPU.ActiveCfg = Debug|Any CPU
		{0A7A7145-EF7E-4FC6-934E-0D9CF6751859}.Debug|Any CPU.Build.0 = Debug|Any CPU
		{0A7A7145-EF7E-4FC6-934E-0D9CF6751859}.Release|Any CPU.ActiveCfg = Release|Any CPU
		{0A7A7145-EF7E-4FC6-934E-0D9CF6751859}.Release|Any CPU.Build.0 = Release|Any CPU
		{147AA09A-FD82-499F-8716-FBEBBB80EA6A}.Debug|Any CPU.ActiveCfg = Debug|Any CPU
		{147AA09A-FD82-499F-8716-FBEBBB80EA6A}.Debug|Any CPU.Build.0 = Debug|Any CPU
		{147AA09A-FD82-499F-8716-FBEBBB80EA6A}.Release|Any CPU.ActiveCfg = Release|Any CPU
		{147AA09A-FD82-499F-8716-FBEBBB80EA6A}.Release|Any CPU.Build.0 = Release|Any CPU
	EndGlobalSection
	GlobalSection(SolutionProperties) = preSolution
		HideSolutionNode = FALSE
	EndGlobalSection
	GlobalSection(ExtensibilityGlobals) = postSolution
		SolutionGuid = {77325BEE-5261-4A72-9B0E-53EEE008BBB6}
	EndGlobalSection
EndGlobal
